
Microsoft Visual Studio Solution File, Format Version 12.00
# Visual Studio 15
VisualStudioVersion = 15.0.26430.16
MinimumVisualStudioVersion = 10.0.40219.1
Project("{FAE04EC0-301F-11D3-BF4B-00C04F79EFBC}") = "Example1-Console", "Example1-Console\Example1-Console.csproj", "{43AAE262-3B18-4D4D-8E1E-E2E495B6D782}"
EndProject
Project("{FAE04EC0-301F-11D3-BF4B-00C04F79EFBC}") = "Examples2-WinFrom", "Examples2\Examples2-WinFrom.csproj", "{9C097803-7F3F-4D78-9E73-C1B750BC98BE}"
EndProject
Project("{FAE04EC0-301F-11D3-BF4B-00C04F79EFBC}") = "Examples-Console2", "Examples-Console2\Examples-Console2.csproj", "{3FC655A0-A06F-4F77-BC36-7ECF1625481C}"
EndProject
Global
	GlobalSection(SolutionConfigurationPlatforms) = preSolution
		Debug|Any CPU = Debug|Any CPU
		Release|Any CPU = Release|Any CPU
	EndGlobalSection
	GlobalSection(ProjectConfigurationPlatforms) = postSolution
		{43AAE262-3B18-4D4D-8E1E-E2E495B6D782}.Debug|Any CPU.ActiveCfg = Debug|Any CPU
		{43AAE262-3B18-4D4D-8E1E-E2E495B6D782}.Debug|Any CPU.Build.0 = Debug|Any CPU
		{43AAE262-3B18-4D4D-8E1E-E2E495B6D782}.Release|Any CPU.ActiveCfg = Release|Any CPU
		{43AAE262-3B18-4D4D-8E1E-E2E495B6D782}.Release|Any CPU.Build.0 = Release|Any CPU
		{9C097803-7F3F-4D78-9E73-C1B750BC98BE}.Debug|Any CPU.ActiveCfg = Debug|Any CPU
		{9C097803-7F3F-4D78-9E73-C1B750BC98BE}.Debug|Any CPU.Build.0 = Debug|Any CPU
		{9C097803-7F3F-4D78-9E73-C1B750BC98BE}.Release|Any CPU.ActiveCfg = Release|Any CPU
		{9C097803-7F3F-4D78-9E73-C1B750BC98BE}.Release|Any CPU.Build.0 = Release|Any CPU
		{3FC655A0-A06F-4F77-BC36-7ECF1625481C}.Debug|Any CPU.ActiveCfg = Debug|Any CPU
		{3FC655A0-A06F-4F77-BC36-7ECF1625481C}.Debug|Any CPU.Build.0 = Debug|Any CPU
		{3FC655A0-A06F-4F77-BC36-7ECF1625481C}.Release|Any CPU.ActiveCfg = Release|Any CPU
		{3FC655A0-A06F-4F77-BC36-7ECF1625481C}.Release|Any CPU.Build.0 = Release|Any CPU
	EndGlobalSection
	GlobalSection(SolutionProperties) = preSolution
		HideSolutionNode = FALSE
	EndGlobalSection
EndGlobal
